
Microsoft Visual Studio Solution File, Format Version 12.00
# Visual Studio 15
VisualStudioVersion = 15.0.27130.2026
MinimumVisualStudioVersion = 10.0.40219.1
Project("{FAE04EC0-301F-11D3-BF4B-00C04F79EFBC}") = "Stage2", "Stage2\Stage2.csproj", "{81F68A47-818C-45B2-8598-6B9A4A5DFDC1}"
EndProject
Project("{FAE04EC0-301F-11D3-BF4B-00C04F79EFBC}") = "DAL", "DAL\DAL.csproj", "{996DDCF1-FDF5-4DAB-A4DD-7655EF2026A6}"
EndProject
Global
	GlobalSection(SolutionConfigurationPlatforms) = preSolution
		Debug|Any CPU = Debug|Any CPU
		Release|Any CPU = Release|Any CPU
	EndGlobalSection
	GlobalSection(ProjectConfigurationPlatforms) = postSolution
		{81F68A47-818C-45B2-8598-6B9A4A5DFDC1}.Debug|Any CPU.ActiveCfg = Debug|Any CPU
		{81F68A47-818C-45B2-8598-6B9A4A5DFDC1}.Debug|Any CPU.Build.0 = Debug|Any CPU
		{81F68A47-818C-45B2-8598-6B9A4A5DFDC1}.Release|Any CPU.ActiveCfg = Release|Any CPU
		{81F68A47-818C-45B2-8598-6B9A4A5DFDC1}.Release|Any CPU.Build.0 = Release|Any CPU
		{996DDCF1-FDF5-4DAB-A4DD-7655EF2026A6}.Debug|Any CPU.ActiveCfg = Debug|Any CPU
		{996DDCF1-FDF5-4DAB-A4DD-7655EF2026A6}.Debug|Any CPU.Build.0 = Debug|Any CPU
		{996DDCF1-FDF5-4DAB-A4DD-7655EF2026A6}.Release|Any CPU.ActiveCfg = Release|Any CPU
		{996DDCF1-FDF5-4DAB-A4DD-7655EF2026A6}.Release|Any CPU.Build.0 = Release|Any CPU
	EndGlobalSection
	GlobalSection(SolutionProperties) = preSolution
		HideSolutionNode = FALSE
	EndGlobalSection
	GlobalSection(ExtensibilityGlobals) = postSolution
		SolutionGuid = {318723A9-09E2-4AEB-8C7A-95406F427A94}
	EndGlobalSection
EndGlobal
