
Microsoft Visual Studio Solution File, Format Version 12.00
# Visual Studio 15
VisualStudioVersion = 15.0.27130.2026
MinimumVisualStudioVersion = 10.0.40219.1
Project("{FAE04EC0-301F-11D3-BF4B-00C04F79EFBC}") = "StartingOut", "StartingOut\StartingOut.csproj", "{87E19650-7DD5-44B5-BC35-89F6ADE2861C}"
EndProject
Global
	GlobalSection(SolutionConfigurationPlatforms) = preSolution
		Debug|Any CPU = Debug|Any CPU
		Release|Any CPU = Release|Any CPU
	EndGlobalSection
	GlobalSection(ProjectConfigurationPlatforms) = postSolution
		{87E19650-7DD5-44B5-BC35-89F6ADE2861C}.Debug|Any CPU.ActiveCfg = Debug|Any CPU
		{87E19650-7DD5-44B5-BC35-89F6ADE2861C}.Debug|Any CPU.Build.0 = Debug|Any CPU
		{87E19650-7DD5-44B5-BC35-89F6ADE2861C}.Release|Any CPU.ActiveCfg = Release|Any CPU
		{87E19650-7DD5-44B5-BC35-89F6ADE2861C}.Release|Any CPU.Build.0 = Release|Any CPU
	EndGlobalSection
	GlobalSection(SolutionProperties) = preSolution
		HideSolutionNode = FALSE
	EndGlobalSection
	GlobalSection(ExtensibilityGlobals) = postSolution
		SolutionGuid = {0196D93F-06C5-4845-94D8-A381D7711FB6}
	EndGlobalSection
EndGlobal
